
Microsoft Visual Studio Solution File, Format Version 12.00
# Visual Studio 15
VisualStudioVersion = 15.0.27703.2047
MinimumVisualStudioVersion = 10.0.40219.1
Project("{8BC9CEB8-8B4A-11D0-8D11-00A0C91BC942}") = "overpeek-engine", "overpeek-engine\overpeek-engine.vcxproj", "{4E67B5EF-25F9-4248-9027-DF3CED549DA1}"
EndProject
Project("{8BC9CEB8-8B4A-11D0-8D11-00A0C91BC942}") = "Unnamed game", "Project1\Project1.vcxproj", "{F4959298-8FCF-495F-83A3-2AC7D1588AC4}"
	ProjectSection(ProjectDependencies) = postProject
		{4E67B5EF-25F9-4248-9027-DF3CED549DA1} = {4E67B5EF-25F9-4248-9027-DF3CED549DA1}
	EndProjectSection
EndProject
Project("{8BC9CEB8-8B4A-11D0-8D11-00A0C91BC942}") = "Atomic Simulation", "Project2\Project2.vcxproj", "{95B195E7-628C-4390-9B4E-AA72A24E15DE}"
EndProject
Project("{8BC9CEB8-8B4A-11D0-8D11-00A0C91BC942}") = "Test Game", "Test Game\Test Game.vcxproj", "{F3BBAF82-24CF-4049-96F3-26772A5FC82B}"
EndProject
Global
	GlobalSection(SolutionConfigurationPlatforms) = preSolution
		Debug|x64 = Debug|x64
		Debug|x86 = Debug|x86
		Release|x64 = Release|x64
		Release|x86 = Release|x86
	EndGlobalSection
	GlobalSection(ProjectConfigurationPlatforms) = postSolution
		{4E67B5EF-25F9-4248-9027-DF3CED549DA1}.Debug|x64.ActiveCfg = Debug|x64
		{4E67B5EF-25F9-4248-9027-DF3CED549DA1}.Debug|x64.Build.0 = Debug|x64
		{4E67B5EF-25F9-4248-9027-DF3CED549DA1}.Debug|x86.ActiveCfg = Debug|Win32
		{4E67B5EF-25F9-4248-9027-DF3CED549DA1}.Debug|x86.Build.0 = Debug|Win32
		{4E67B5EF-25F9-4248-9027-DF3CED549DA1}.Release|x64.ActiveCfg = Release|x64
		{4E67B5EF-25F9-4248-9027-DF3CED549DA1}.Release|x64.Build.0 = Release|x64
		{4E67B5EF-25F9-4248-9027-DF3CED549DA1}.Release|x86.ActiveCfg = Release|Win32
		{4E67B5EF-25F9-4248-9027-DF3CED549DA1}.Release|x86.Build.0 = Release|Win32
		{F4959298-8FCF-495F-83A3-2AC7D1588AC4}.Debug|x64.ActiveCfg = Debug|x64
		{F4959298-8FCF-495F-83A3-2AC7D1588AC4}.Debug|x64.Build.0 = Debug|x64
		{F4959298-8FCF-495F-83A3-2AC7D1588AC4}.Debug|x86.ActiveCfg = Debug|Win32
		{F4959298-8FCF-495F-83A3-2AC7D1588AC4}.Debug|x86.Build.0 = Debug|Win32
		{F4959298-8FCF-495F-83A3-2AC7D1588AC4}.Release|x64.ActiveCfg = Release|x64
		{F4959298-8FCF-495F-83A3-2AC7D1588AC4}.Release|x64.Build.0 = Release|x64
		{F4959298-8FCF-495F-83A3-2AC7D1588AC4}.Release|x86.ActiveCfg = Release|Win32
		{F4959298-8FCF-495F-83A3-2AC7D1588AC4}.Release|x86.Build.0 = Release|Win32
		{95B195E7-628C-4390-9B4E-AA72A24E15DE}.Debug|x64.ActiveCfg = Debug|x64
		{95B195E7-628C-4390-9B4E-AA72A24E15DE}.Debug|x64.Build.0 = Debug|x64
		{95B195E7-628C-4390-9B4E-AA72A24E15DE}.Debug|x86.ActiveCfg = Debug|Win32
		{95B195E7-628C-4390-9B4E-AA72A24E15DE}.Debug|x86.Build.0 = Debug|Win32
		{95B195E7-628C-4390-9B4E-AA72A24E15DE}.Release|x64.ActiveCfg = Release|x64
		{95B195E7-628C-4390-9B4E-AA72A24E15DE}.Release|x64.Build.0 = Release|x64
		{95B195E7-628C-4390-9B4E-AA72A24E15DE}.Release|x86.ActiveCfg = Release|Win32
		{95B195E7-628C-4390-9B4E-AA72A24E15DE}.Release|x86.Build.0 = Release|Win32
		{F3BBAF82-24CF-4049-96F3-26772A5FC82B}.Debug|x64.ActiveCfg = Debug|x64
		{F3BBAF82-24CF-4049-96F3-26772A5FC82B}.Debug|x64.Build.0 = Debug|x64
		{F3BBAF82-24CF-4049-96F3-26772A5FC82B}.Debug|x86.ActiveCfg = Debug|Win32
		{F3BBAF82-24CF-4049-96F3-26772A5FC82B}.Debug|x86.Build.0 = Debug|Win32
		{F3BBAF82-24CF-4049-96F3-26772A5FC82B}.Release|x64.ActiveCfg = Release|x64
		{F3BBAF82-24CF-4049-96F3-26772A5FC82B}.Release|x64.Build.0 = Release|x64
		{F3BBAF82-24CF-4049-96F3-26772A5FC82B}.Release|x86.ActiveCfg = Release|Win32
		{F3BBAF82-24CF-4049-96F3-26772A5FC82B}.Release|x86.Build.0 = Release|Win32
	EndGlobalSection
	GlobalSection(SolutionProperties) = preSolution
		HideSolutionNode = FALSE
	EndGlobalSection
	GlobalSection(ExtensibilityGlobals) = postSolution
		SolutionGuid = {34AECA2F-779E-472D-98A6-19FD379098AB}
	EndGlobalSection
EndGlobal
