
Microsoft Visual Studio Solution File, Format Version 12.00
# Visual Studio Version 16
VisualStudioVersion = 16.0.28803.156
MinimumVisualStudioVersion = 10.0.40219.1
Project("{8BC9CEB8-8B4A-11D0-8D11-00A0C91BC942}") = "overpeek-engine", "overpeek-engine\overpeek-engine.vcxproj", "{4E67B5EF-25F9-4248-9027-DF3CED549DA1}"
EndProject
Project("{8BC9CEB8-8B4A-11D0-8D11-00A0C91BC942}") = "Unnamed game", "Project1\Project1.vcxproj", "{F4959298-8FCF-495F-83A3-2AC7D1588AC4}"
	ProjectSection(ProjectDependencies) = postProject
		{4E67B5EF-25F9-4248-9027-DF3CED549DA1} = {4E67B5EF-25F9-4248-9027-DF3CED549DA1}
	EndProjectSection
EndProject
Project("{8BC9CEB8-8B4A-11D0-8D11-00A0C91BC942}") = "Atomic Simulation", "Project2\Project2.vcxproj", "{95B195E7-628C-4390-9B4E-AA72A24E15DE}"
EndProject
Project("{8BC9CEB8-8B4A-11D0-8D11-00A0C91BC942}") = "Mandelbrot", "Mandelbrot\Mandelbrot.vcxproj", "{5FB83F85-1834-4CDD-81B7-219A190E5E92}"
EndProject
Project("{8BC9CEB8-8B4A-11D0-8D11-00A0C91BC942}") = "Number Theory Library", "Number Theory Library\Number Theory Library.vcxproj", "{5F18B0D1-C4B0-45A3-B9E1-45EE63B3509C}"
EndProject
Project("{8BC9CEB8-8B4A-11D0-8D11-00A0C91BC942}") = "FastNoiseSIMD", "FastNoiseSIMD\FastNoiseSIMD.vcxproj", "{466ECFCC-531C-4CA1-B91B-F02E45DC1000}"
EndProject
Project("{8BC9CEB8-8B4A-11D0-8D11-00A0C91BC942}") = "overpeek-engine testing", "overpeek-engine testing\overpeek-engine testing.vcxproj", "{567960ED-D1F9-4D3F-A72D-57EA04AFA733}"
EndProject
Project("{8BC9CEB8-8B4A-11D0-8D11-00A0C91BC942}") = "Neural Network", "Neural Network\Neural Network.vcxproj", "{28C11F79-8D33-4FE7-A3C4-9FA0E8CD55E2}"
EndProject
Project("{8BC9CEB8-8B4A-11D0-8D11-00A0C91BC942}") = "WindowsProject1", "WindowsProject1\WindowsProject1.vcxproj", "{81CFDD65-118C-4D30-A5BC-26721C77E839}"
EndProject
Project("{8BC9CEB8-8B4A-11D0-8D11-00A0C91BC942}") = "pool", "pool\pool.vcxproj", "{DD734000-C705-4F8A-B207-F9E028A506EE}"
EndProject
Project("{8BC9CEB8-8B4A-11D0-8D11-00A0C91BC942}") = "Box2D Game", "Box2D Game\Box2D Game.vcxproj", "{FAD1D64C-8974-4DA9-ABAD-F72AB802DE7A}"
EndProject
Project("{8BC9CEB8-8B4A-11D0-8D11-00A0C91BC942}") = "Snake", "Snake\Snake.vcxproj", "{EF7AADE3-FA71-48A5-9FFB-D329FB5D1984}"
EndProject
Global
	GlobalSection(SolutionConfigurationPlatforms) = preSolution
		Debug|x64 = Debug|x64
		Debug|x86 = Debug|x86
		MinSizeRel|x64 = MinSizeRel|x64
		MinSizeRel|x86 = MinSizeRel|x86
		Release|x64 = Release|x64
		Release|x86 = Release|x86
		RelWithDebInfo|x64 = RelWithDebInfo|x64
		RelWithDebInfo|x86 = RelWithDebInfo|x86
	EndGlobalSection
	GlobalSection(ProjectConfigurationPlatforms) = postSolution
		{4E67B5EF-25F9-4248-9027-DF3CED549DA1}.Debug|x64.ActiveCfg = Debug|x64
		{4E67B5EF-25F9-4248-9027-DF3CED549DA1}.Debug|x64.Build.0 = Debug|x64
		{4E67B5EF-25F9-4248-9027-DF3CED549DA1}.Debug|x86.ActiveCfg = Debug|Win32
		{4E67B5EF-25F9-4248-9027-DF3CED549DA1}.Debug|x86.Build.0 = Debug|Win32
		{4E67B5EF-25F9-4248-9027-DF3CED549DA1}.MinSizeRel|x64.ActiveCfg = Release|x64
		{4E67B5EF-25F9-4248-9027-DF3CED549DA1}.MinSizeRel|x64.Build.0 = Release|x64
		{4E67B5EF-25F9-4248-9027-DF3CED549DA1}.MinSizeRel|x86.ActiveCfg = Release|Win32
		{4E67B5EF-25F9-4248-9027-DF3CED549DA1}.MinSizeRel|x86.Build.0 = Release|Win32
		{4E67B5EF-25F9-4248-9027-DF3CED549DA1}.Release|x64.ActiveCfg = Release|x64
		{4E67B5EF-25F9-4248-9027-DF3CED549DA1}.Release|x64.Build.0 = Release|x64
		{4E67B5EF-25F9-4248-9027-DF3CED549DA1}.Release|x86.ActiveCfg = Release|Win32
		{4E67B5EF-25F9-4248-9027-DF3CED549DA1}.Release|x86.Build.0 = Release|Win32
		{4E67B5EF-25F9-4248-9027-DF3CED549DA1}.RelWithDebInfo|x64.ActiveCfg = Release|x64
		{4E67B5EF-25F9-4248-9027-DF3CED549DA1}.RelWithDebInfo|x64.Build.0 = Release|x64
		{4E67B5EF-25F9-4248-9027-DF3CED549DA1}.RelWithDebInfo|x86.ActiveCfg = Release|Win32
		{4E67B5EF-25F9-4248-9027-DF3CED549DA1}.RelWithDebInfo|x86.Build.0 = Release|Win32
		{F4959298-8FCF-495F-83A3-2AC7D1588AC4}.Debug|x64.ActiveCfg = Debug|x64
		{F4959298-8FCF-495F-83A3-2AC7D1588AC4}.Debug|x64.Build.0 = Debug|x64
		{F4959298-8FCF-495F-83A3-2AC7D1588AC4}.Debug|x86.ActiveCfg = Debug|Win32
		{F4959298-8FCF-495F-83A3-2AC7D1588AC4}.Debug|x86.Build.0 = Debug|Win32
		{F4959298-8FCF-495F-83A3-2AC7D1588AC4}.MinSizeRel|x64.ActiveCfg = Release|x64
		{F4959298-8FCF-495F-83A3-2AC7D1588AC4}.MinSizeRel|x64.Build.0 = Release|x64
		{F4959298-8FCF-495F-83A3-2AC7D1588AC4}.MinSizeRel|x86.ActiveCfg = Release|Win32
		{F4959298-8FCF-495F-83A3-2AC7D1588AC4}.MinSizeRel|x86.Build.0 = Release|Win32
		{F4959298-8FCF-495F-83A3-2AC7D1588AC4}.Release|x64.ActiveCfg = Release|x64
		{F4959298-8FCF-495F-83A3-2AC7D1588AC4}.Release|x64.Build.0 = Release|x64
		{F4959298-8FCF-495F-83A3-2AC7D1588AC4}.Release|x86.ActiveCfg = Release|Win32
		{F4959298-8FCF-495F-83A3-2AC7D1588AC4}.Release|x86.Build.0 = Release|Win32
		{F4959298-8FCF-495F-83A3-2AC7D1588AC4}.RelWithDebInfo|x64.ActiveCfg = Release|x64
		{F4959298-8FCF-495F-83A3-2AC7D1588AC4}.RelWithDebInfo|x64.Build.0 = Release|x64
		{F4959298-8FCF-495F-83A3-2AC7D1588AC4}.RelWithDebInfo|x86.ActiveCfg = Release|Win32
		{F4959298-8FCF-495F-83A3-2AC7D1588AC4}.RelWithDebInfo|x86.Build.0 = Release|Win32
		{95B195E7-628C-4390-9B4E-AA72A24E15DE}.Debug|x64.ActiveCfg = Debug|x64
		{95B195E7-628C-4390-9B4E-AA72A24E15DE}.Debug|x64.Build.0 = Debug|x64
		{95B195E7-628C-4390-9B4E-AA72A24E15DE}.Debug|x86.ActiveCfg = Debug|Win32
		{95B195E7-628C-4390-9B4E-AA72A24E15DE}.Debug|x86.Build.0 = Debug|Win32
		{95B195E7-628C-4390-9B4E-AA72A24E15DE}.MinSizeRel|x64.ActiveCfg = Release|x64
		{95B195E7-628C-4390-9B4E-AA72A24E15DE}.MinSizeRel|x64.Build.0 = Release|x64
		{95B195E7-628C-4390-9B4E-AA72A24E15DE}.MinSizeRel|x86.ActiveCfg = Release|Win32
		{95B195E7-628C-4390-9B4E-AA72A24E15DE}.MinSizeRel|x86.Build.0 = Release|Win32
		{95B195E7-628C-4390-9B4E-AA72A24E15DE}.Release|x64.ActiveCfg = Release|x64
		{95B195E7-628C-4390-9B4E-AA72A24E15DE}.Release|x64.Build.0 = Release|x64
		{95B195E7-628C-4390-9B4E-AA72A24E15DE}.Release|x86.ActiveCfg = Release|Win32
		{95B195E7-628C-4390-9B4E-AA72A24E15DE}.Release|x86.Build.0 = Release|Win32
		{95B195E7-628C-4390-9B4E-AA72A24E15DE}.RelWithDebInfo|x64.ActiveCfg = Release|x64
		{95B195E7-628C-4390-9B4E-AA72A24E15DE}.RelWithDebInfo|x64.Build.0 = Release|x64
		{95B195E7-628C-4390-9B4E-AA72A24E15DE}.RelWithDebInfo|x86.ActiveCfg = Release|Win32
		{95B195E7-628C-4390-9B4E-AA72A24E15DE}.RelWithDebInfo|x86.Build.0 = Release|Win32
		{5FB83F85-1834-4CDD-81B7-219A190E5E92}.Debug|x64.ActiveCfg = Debug|x64
		{5FB83F85-1834-4CDD-81B7-219A190E5E92}.Debug|x64.Build.0 = Debug|x64
		{5FB83F85-1834-4CDD-81B7-219A190E5E92}.Debug|x86.ActiveCfg = Debug|Win32
		{5FB83F85-1834-4CDD-81B7-219A190E5E92}.Debug|x86.Build.0 = Debug|Win32
		{5FB83F85-1834-4CDD-81B7-219A190E5E92}.MinSizeRel|x64.ActiveCfg = Release|x64
		{5FB83F85-1834-4CDD-81B7-219A190E5E92}.MinSizeRel|x64.Build.0 = Release|x64
		{5FB83F85-1834-4CDD-81B7-219A190E5E92}.MinSizeRel|x86.ActiveCfg = Release|Win32
		{5FB83F85-1834-4CDD-81B7-219A190E5E92}.MinSizeRel|x86.Build.0 = Release|Win32
		{5FB83F85-1834-4CDD-81B7-219A190E5E92}.Release|x64.ActiveCfg = Release|x64
		{5FB83F85-1834-4CDD-81B7-219A190E5E92}.Release|x64.Build.0 = Release|x64
		{5FB83F85-1834-4CDD-81B7-219A190E5E92}.Release|x86.ActiveCfg = Release|Win32
		{5FB83F85-1834-4CDD-81B7-219A190E5E92}.Release|x86.Build.0 = Release|Win32
		{5FB83F85-1834-4CDD-81B7-219A190E5E92}.RelWithDebInfo|x64.ActiveCfg = Release|x64
		{5FB83F85-1834-4CDD-81B7-219A190E5E92}.RelWithDebInfo|x64.Build.0 = Release|x64
		{5FB83F85-1834-4CDD-81B7-219A190E5E92}.RelWithDebInfo|x86.ActiveCfg = Release|Win32
		{5FB83F85-1834-4CDD-81B7-219A190E5E92}.RelWithDebInfo|x86.Build.0 = Release|Win32
		{5F18B0D1-C4B0-45A3-B9E1-45EE63B3509C}.Debug|x64.ActiveCfg = Debug|x64
		{5F18B0D1-C4B0-45A3-B9E1-45EE63B3509C}.Debug|x64.Build.0 = Debug|x64
		{5F18B0D1-C4B0-45A3-B9E1-45EE63B3509C}.Debug|x86.ActiveCfg = Debug|Win32
		{5F18B0D1-C4B0-45A3-B9E1-45EE63B3509C}.Debug|x86.Build.0 = Debug|Win32
		{5F18B0D1-C4B0-45A3-B9E1-45EE63B3509C}.MinSizeRel|x64.ActiveCfg = Release|x64
		{5F18B0D1-C4B0-45A3-B9E1-45EE63B3509C}.MinSizeRel|x64.Build.0 = Release|x64
		{5F18B0D1-C4B0-45A3-B9E1-45EE63B3509C}.MinSizeRel|x86.ActiveCfg = Release|Win32
		{5F18B0D1-C4B0-45A3-B9E1-45EE63B3509C}.MinSizeRel|x86.Build.0 = Release|Win32
		{5F18B0D1-C4B0-45A3-B9E1-45EE63B3509C}.Release|x64.ActiveCfg = Release|x64
		{5F18B0D1-C4B0-45A3-B9E1-45EE63B3509C}.Release|x64.Build.0 = Release|x64
		{5F18B0D1-C4B0-45A3-B9E1-45EE63B3509C}.Release|x86.ActiveCfg = Release|Win32
		{5F18B0D1-C4B0-45A3-B9E1-45EE63B3509C}.Release|x86.Build.0 = Release|Win32
		{5F18B0D1-C4B0-45A3-B9E1-45EE63B3509C}.RelWithDebInfo|x64.ActiveCfg = Release|x64
		{5F18B0D1-C4B0-45A3-B9E1-45EE63B3509C}.RelWithDebInfo|x64.Build.0 = Release|x64
		{5F18B0D1-C4B0-45A3-B9E1-45EE63B3509C}.RelWithDebInfo|x86.ActiveCfg = Release|Win32
		{5F18B0D1-C4B0-45A3-B9E1-45EE63B3509C}.RelWithDebInfo|x86.Build.0 = Release|Win32
		{466ECFCC-531C-4CA1-B91B-F02E45DC1000}.Debug|x64.ActiveCfg = Debug|x64
		{466ECFCC-531C-4CA1-B91B-F02E45DC1000}.Debug|x64.Build.0 = Debug|x64
		{466ECFCC-531C-4CA1-B91B-F02E45DC1000}.Debug|x86.ActiveCfg = Debug|Win32
		{466ECFCC-531C-4CA1-B91B-F02E45DC1000}.Debug|x86.Build.0 = Debug|Win32
		{466ECFCC-531C-4CA1-B91B-F02E45DC1000}.MinSizeRel|x64.ActiveCfg = Release|x64
		{466ECFCC-531C-4CA1-B91B-F02E45DC1000}.MinSizeRel|x64.Build.0 = Release|x64
		{466ECFCC-531C-4CA1-B91B-F02E45DC1000}.MinSizeRel|x86.ActiveCfg = Release|Win32
		{466ECFCC-531C-4CA1-B91B-F02E45DC1000}.MinSizeRel|x86.Build.0 = Release|Win32
		{466ECFCC-531C-4CA1-B91B-F02E45DC1000}.Release|x64.ActiveCfg = Release|x64
		{466ECFCC-531C-4CA1-B91B-F02E45DC1000}.Release|x64.Build.0 = Release|x64
		{466ECFCC-531C-4CA1-B91B-F02E45DC1000}.Release|x86.ActiveCfg = Release|Win32
		{466ECFCC-531C-4CA1-B91B-F02E45DC1000}.Release|x86.Build.0 = Release|Win32
		{466ECFCC-531C-4CA1-B91B-F02E45DC1000}.RelWithDebInfo|x64.ActiveCfg = Release|x64
		{466ECFCC-531C-4CA1-B91B-F02E45DC1000}.RelWithDebInfo|x64.Build.0 = Release|x64
		{466ECFCC-531C-4CA1-B91B-F02E45DC1000}.RelWithDebInfo|x86.ActiveCfg = Release|Win32
		{466ECFCC-531C-4CA1-B91B-F02E45DC1000}.RelWithDebInfo|x86.Build.0 = Release|Win32
		{567960ED-D1F9-4D3F-A72D-57EA04AFA733}.Debug|x64.ActiveCfg = Debug|x64
		{567960ED-D1F9-4D3F-A72D-57EA04AFA733}.Debug|x64.Build.0 = Debug|x64
		{567960ED-D1F9-4D3F-A72D-57EA04AFA733}.Debug|x86.ActiveCfg = Debug|Win32
		{567960ED-D1F9-4D3F-A72D-57EA04AFA733}.Debug|x86.Build.0 = Debug|Win32
		{567960ED-D1F9-4D3F-A72D-57EA04AFA733}.MinSizeRel|x64.ActiveCfg = Release|x64
		{567960ED-D1F9-4D3F-A72D-57EA04AFA733}.MinSizeRel|x64.Build.0 = Release|x64
		{567960ED-D1F9-4D3F-A72D-57EA04AFA733}.MinSizeRel|x86.ActiveCfg = Release|Win32
		{567960ED-D1F9-4D3F-A72D-57EA04AFA733}.MinSizeRel|x86.Build.0 = Release|Win32
		{567960ED-D1F9-4D3F-A72D-57EA04AFA733}.Release|x64.ActiveCfg = Release|x64
		{567960ED-D1F9-4D3F-A72D-57EA04AFA733}.Release|x64.Build.0 = Release|x64
		{567960ED-D1F9-4D3F-A72D-57EA04AFA733}.Release|x86.ActiveCfg = Release|Win32
		{567960ED-D1F9-4D3F-A72D-57EA04AFA733}.Release|x86.Build.0 = Release|Win32
		{567960ED-D1F9-4D3F-A72D-57EA04AFA733}.RelWithDebInfo|x64.ActiveCfg = Release|x64
		{567960ED-D1F9-4D3F-A72D-57EA04AFA733}.RelWithDebInfo|x64.Build.0 = Release|x64
		{567960ED-D1F9-4D3F-A72D-57EA04AFA733}.RelWithDebInfo|x86.ActiveCfg = Release|Win32
		{567960ED-D1F9-4D3F-A72D-57EA04AFA733}.RelWithDebInfo|x86.Build.0 = Release|Win32
		{28C11F79-8D33-4FE7-A3C4-9FA0E8CD55E2}.Debug|x64.ActiveCfg = Debug|x64
		{28C11F79-8D33-4FE7-A3C4-9FA0E8CD55E2}.Debug|x64.Build.0 = Debug|x64
		{28C11F79-8D33-4FE7-A3C4-9FA0E8CD55E2}.Debug|x86.ActiveCfg = Debug|Win32
		{28C11F79-8D33-4FE7-A3C4-9FA0E8CD55E2}.Debug|x86.Build.0 = Debug|Win32
		{28C11F79-8D33-4FE7-A3C4-9FA0E8CD55E2}.MinSizeRel|x64.ActiveCfg = Release|x64
		{28C11F79-8D33-4FE7-A3C4-9FA0E8CD55E2}.MinSizeRel|x64.Build.0 = Release|x64
		{28C11F79-8D33-4FE7-A3C4-9FA0E8CD55E2}.MinSizeRel|x86.ActiveCfg = Release|Win32
		{28C11F79-8D33-4FE7-A3C4-9FA0E8CD55E2}.MinSizeRel|x86.Build.0 = Release|Win32
		{28C11F79-8D33-4FE7-A3C4-9FA0E8CD55E2}.Release|x64.ActiveCfg = Release|x64
		{28C11F79-8D33-4FE7-A3C4-9FA0E8CD55E2}.Release|x64.Build.0 = Release|x64
		{28C11F79-8D33-4FE7-A3C4-9FA0E8CD55E2}.Release|x86.ActiveCfg = Release|Win32
		{28C11F79-8D33-4FE7-A3C4-9FA0E8CD55E2}.Release|x86.Build.0 = Release|Win32
		{28C11F79-8D33-4FE7-A3C4-9FA0E8CD55E2}.RelWithDebInfo|x64.ActiveCfg = Release|x64
		{28C11F79-8D33-4FE7-A3C4-9FA0E8CD55E2}.RelWithDebInfo|x64.Build.0 = Release|x64
		{28C11F79-8D33-4FE7-A3C4-9FA0E8CD55E2}.RelWithDebInfo|x86.ActiveCfg = Release|Win32
		{28C11F79-8D33-4FE7-A3C4-9FA0E8CD55E2}.RelWithDebInfo|x86.Build.0 = Release|Win32
		{81CFDD65-118C-4D30-A5BC-26721C77E839}.Debug|x64.ActiveCfg = Debug|x64
		{81CFDD65-118C-4D30-A5BC-26721C77E839}.Debug|x64.Build.0 = Debug|x64
		{81CFDD65-118C-4D30-A5BC-26721C77E839}.Debug|x86.ActiveCfg = Debug|Win32
		{81CFDD65-118C-4D30-A5BC-26721C77E839}.Debug|x86.Build.0 = Debug|Win32
		{81CFDD65-118C-4D30-A5BC-26721C77E839}.MinSizeRel|x64.ActiveCfg = Release|x64
		{81CFDD65-118C-4D30-A5BC-26721C77E839}.MinSizeRel|x64.Build.0 = Release|x64
		{81CFDD65-118C-4D30-A5BC-26721C77E839}.MinSizeRel|x86.ActiveCfg = Release|Win32
		{81CFDD65-118C-4D30-A5BC-26721C77E839}.MinSizeRel|x86.Build.0 = Release|Win32
		{81CFDD65-118C-4D30-A5BC-26721C77E839}.Release|x64.ActiveCfg = Release|x64
		{81CFDD65-118C-4D30-A5BC-26721C77E839}.Release|x64.Build.0 = Release|x64
		{81CFDD65-118C-4D30-A5BC-26721C77E839}.Release|x86.ActiveCfg = Release|Win32
		{81CFDD65-118C-4D30-A5BC-26721C77E839}.Release|x86.Build.0 = Release|Win32
		{81CFDD65-118C-4D30-A5BC-26721C77E839}.RelWithDebInfo|x64.ActiveCfg = Release|x64
		{81CFDD65-118C-4D30-A5BC-26721C77E839}.RelWithDebInfo|x64.Build.0 = Release|x64
		{81CFDD65-118C-4D30-A5BC-26721C77E839}.RelWithDebInfo|x86.ActiveCfg = Release|Win32
		{81CFDD65-118C-4D30-A5BC-26721C77E839}.RelWithDebInfo|x86.Build.0 = Release|Win32
		{DD734000-C705-4F8A-B207-F9E028A506EE}.Debug|x64.ActiveCfg = Debug|x64
		{DD734000-C705-4F8A-B207-F9E028A506EE}.Debug|x64.Build.0 = Debug|x64
		{DD734000-C705-4F8A-B207-F9E028A506EE}.Debug|x86.ActiveCfg = Debug|Win32
		{DD734000-C705-4F8A-B207-F9E028A506EE}.Debug|x86.Build.0 = Debug|Win32
		{DD734000-C705-4F8A-B207-F9E028A506EE}.MinSizeRel|x64.ActiveCfg = Release|x64
		{DD734000-C705-4F8A-B207-F9E028A506EE}.MinSizeRel|x64.Build.0 = Release|x64
		{DD734000-C705-4F8A-B207-F9E028A506EE}.MinSizeRel|x86.ActiveCfg = Release|Win32
		{DD734000-C705-4F8A-B207-F9E028A506EE}.MinSizeRel|x86.Build.0 = Release|Win32
		{DD734000-C705-4F8A-B207-F9E028A506EE}.Release|x64.ActiveCfg = Release|x64
		{DD734000-C705-4F8A-B207-F9E028A506EE}.Release|x64.Build.0 = Release|x64
		{DD734000-C705-4F8A-B207-F9E028A506EE}.Release|x86.ActiveCfg = Release|Win32
		{DD734000-C705-4F8A-B207-F9E028A506EE}.Release|x86.Build.0 = Release|Win32
		{DD734000-C705-4F8A-B207-F9E028A506EE}.RelWithDebInfo|x64.ActiveCfg = Release|x64
		{DD734000-C705-4F8A-B207-F9E028A506EE}.RelWithDebInfo|x64.Build.0 = Release|x64
		{DD734000-C705-4F8A-B207-F9E028A506EE}.RelWithDebInfo|x86.ActiveCfg = Release|Win32
		{DD734000-C705-4F8A-B207-F9E028A506EE}.RelWithDebInfo|x86.Build.0 = Release|Win32
		{FAD1D64C-8974-4DA9-ABAD-F72AB802DE7A}.Debug|x64.ActiveCfg = Debug|x64
		{FAD1D64C-8974-4DA9-ABAD-F72AB802DE7A}.Debug|x64.Build.0 = Debug|x64
		{FAD1D64C-8974-4DA9-ABAD-F72AB802DE7A}.Debug|x86.ActiveCfg = Debug|Win32
		{FAD1D64C-8974-4DA9-ABAD-F72AB802DE7A}.Debug|x86.Build.0 = Debug|Win32
		{FAD1D64C-8974-4DA9-ABAD-F72AB802DE7A}.MinSizeRel|x64.ActiveCfg = Release|x64
		{FAD1D64C-8974-4DA9-ABAD-F72AB802DE7A}.MinSizeRel|x64.Build.0 = Release|x64
		{FAD1D64C-8974-4DA9-ABAD-F72AB802DE7A}.MinSizeRel|x86.ActiveCfg = Release|Win32
		{FAD1D64C-8974-4DA9-ABAD-F72AB802DE7A}.MinSizeRel|x86.Build.0 = Release|Win32
		{FAD1D64C-8974-4DA9-ABAD-F72AB802DE7A}.Release|x64.ActiveCfg = Release|x64
		{FAD1D64C-8974-4DA9-ABAD-F72AB802DE7A}.Release|x64.Build.0 = Release|x64
		{FAD1D64C-8974-4DA9-ABAD-F72AB802DE7A}.Release|x86.ActiveCfg = Release|Win32
		{FAD1D64C-8974-4DA9-ABAD-F72AB802DE7A}.Release|x86.Build.0 = Release|Win32
		{FAD1D64C-8974-4DA9-ABAD-F72AB802DE7A}.RelWithDebInfo|x64.ActiveCfg = Release|x64
		{FAD1D64C-8974-4DA9-ABAD-F72AB802DE7A}.RelWithDebInfo|x64.Build.0 = Release|x64
		{FAD1D64C-8974-4DA9-ABAD-F72AB802DE7A}.RelWithDebInfo|x86.ActiveCfg = Release|Win32
		{FAD1D64C-8974-4DA9-ABAD-F72AB802DE7A}.RelWithDebInfo|x86.Build.0 = Release|Win32
		{EF7AADE3-FA71-48A5-9FFB-D329FB5D1984}.Debug|x64.ActiveCfg = Debug|x64
		{EF7AADE3-FA71-48A5-9FFB-D329FB5D1984}.Debug|x64.Build.0 = Debug|x64
		{EF7AADE3-FA71-48A5-9FFB-D329FB5D1984}.Debug|x86.ActiveCfg = Debug|Win32
		{EF7AADE3-FA71-48A5-9FFB-D329FB5D1984}.Debug|x86.Build.0 = Debug|Win32
		{EF7AADE3-FA71-48A5-9FFB-D329FB5D1984}.MinSizeRel|x64.ActiveCfg = Release|x64
		{EF7AADE3-FA71-48A5-9FFB-D329FB5D1984}.MinSizeRel|x64.Build.0 = Release|x64
		{EF7AADE3-FA71-48A5-9FFB-D329FB5D1984}.MinSizeRel|x86.ActiveCfg = Release|Win32
		{EF7AADE3-FA71-48A5-9FFB-D329FB5D1984}.MinSizeRel|x86.Build.0 = Release|Win32
		{EF7AADE3-FA71-48A5-9FFB-D329FB5D1984}.Release|x64.ActiveCfg = Release|x64
		{EF7AADE3-FA71-48A5-9FFB-D329FB5D1984}.Release|x64.Build.0 = Release|x64
		{EF7AADE3-FA71-48A5-9FFB-D329FB5D1984}.Release|x86.ActiveCfg = Release|Win32
		{EF7AADE3-FA71-48A5-9FFB-D329FB5D1984}.Release|x86.Build.0 = Release|Win32
		{EF7AADE3-FA71-48A5-9FFB-D329FB5D1984}.RelWithDebInfo|x64.ActiveCfg = Release|x64
		{EF7AADE3-FA71-48A5-9FFB-D329FB5D1984}.RelWithDebInfo|x64.Build.0 = Release|x64
		{EF7AADE3-FA71-48A5-9FFB-D329FB5D1984}.RelWithDebInfo|x86.ActiveCfg = Release|Win32
		{EF7AADE3-FA71-48A5-9FFB-D329FB5D1984}.RelWithDebInfo|x86.Build.0 = Release|Win32
	EndGlobalSection
	GlobalSection(SolutionProperties) = preSolution
		HideSolutionNode = FALSE
	EndGlobalSection
	GlobalSection(ExtensibilityGlobals) = postSolution
		SolutionGuid = {34AECA2F-779E-472D-98A6-19FD379098AB}
	EndGlobalSection
EndGlobal
