
Microsoft Visual Studio Solution File, Format Version 12.00
# Visual Studio 15
VisualStudioVersion = 15.0.27703.2047
MinimumVisualStudioVersion = 10.0.40219.1
Project("{8BC9CEB8-8B4A-11D0-8D11-00A0C91BC942}") = "overpeek-engine", "overpeek-engine\overpeek-engine.vcxproj", "{4E67B5EF-25F9-4248-9027-DF3CED549DA1}"
EndProject
Project("{8BC9CEB8-8B4A-11D0-8D11-00A0C91BC942}") = "Unnamed game", "Project1\Project1.vcxproj", "{F4959298-8FCF-495F-83A3-2AC7D1588AC4}"
	ProjectSection(ProjectDependencies) = postProject
		{4E67B5EF-25F9-4248-9027-DF3CED549DA1} = {4E67B5EF-25F9-4248-9027-DF3CED549DA1}
	EndProjectSection
EndProject
Project("{8BC9CEB8-8B4A-11D0-8D11-00A0C91BC942}") = "Atomic Simulation", "Project2\Project2.vcxproj", "{95B195E7-628C-4390-9B4E-AA72A24E15DE}"
EndProject
Project("{8BC9CEB8-8B4A-11D0-8D11-00A0C91BC942}") = "Mandelbrot", "Mandelbrot\Mandelbrot.vcxproj", "{5FB83F85-1834-4CDD-81B7-219A190E5E92}"
EndProject
Project("{8BC9CEB8-8B4A-11D0-8D11-00A0C91BC942}") = "Number Theory Library", "Number Theory Library\Number Theory Library.vcxproj", "{5F18B0D1-C4B0-45A3-B9E1-45EE63B3509C}"
EndProject
Project("{8BC9CEB8-8B4A-11D0-8D11-00A0C91BC942}") = "FastNoiseSIMD", "FastNoiseSIMD\FastNoiseSIMD.vcxproj", "{466ECFCC-531C-4CA1-B91B-F02E45DC1000}"
EndProject
Project("{8BC9CEB8-8B4A-11D0-8D11-00A0C91BC942}") = "overpeek-engine testing", "overpeek-engine testing\overpeek-engine testing.vcxproj", "{567960ED-D1F9-4D3F-A72D-57EA04AFA733}"
EndProject
Global
	GlobalSection(SolutionConfigurationPlatforms) = preSolution
		Debug|x64 = Debug|x64
		Debug|x86 = Debug|x86
		Release|x64 = Release|x64
		Release|x86 = Release|x86
	EndGlobalSection
	GlobalSection(ProjectConfigurationPlatforms) = postSolution
		{4E67B5EF-25F9-4248-9027-DF3CED549DA1}.Debug|x64.ActiveCfg = Debug|x64
		{4E67B5EF-25F9-4248-9027-DF3CED549DA1}.Debug|x64.Build.0 = Debug|x64
		{4E67B5EF-25F9-4248-9027-DF3CED549DA1}.Debug|x86.ActiveCfg = Debug|Win32
		{4E67B5EF-25F9-4248-9027-DF3CED549DA1}.Debug|x86.Build.0 = Debug|Win32
		{4E67B5EF-25F9-4248-9027-DF3CED549DA1}.Release|x64.ActiveCfg = Release|x64
		{4E67B5EF-25F9-4248-9027-DF3CED549DA1}.Release|x64.Build.0 = Release|x64
		{4E67B5EF-25F9-4248-9027-DF3CED549DA1}.Release|x86.ActiveCfg = Release|Win32
		{4E67B5EF-25F9-4248-9027-DF3CED549DA1}.Release|x86.Build.0 = Release|Win32
		{F4959298-8FCF-495F-83A3-2AC7D1588AC4}.Debug|x64.ActiveCfg = Debug|x64
		{F4959298-8FCF-495F-83A3-2AC7D1588AC4}.Debug|x64.Build.0 = Debug|x64
		{F4959298-8FCF-495F-83A3-2AC7D1588AC4}.Debug|x86.ActiveCfg = Debug|Win32
		{F4959298-8FCF-495F-83A3-2AC7D1588AC4}.Debug|x86.Build.0 = Debug|Win32
		{F4959298-8FCF-495F-83A3-2AC7D1588AC4}.Release|x64.ActiveCfg = Release|x64
		{F4959298-8FCF-495F-83A3-2AC7D1588AC4}.Release|x64.Build.0 = Release|x64
		{F4959298-8FCF-495F-83A3-2AC7D1588AC4}.Release|x86.ActiveCfg = Release|Win32
		{F4959298-8FCF-495F-83A3-2AC7D1588AC4}.Release|x86.Build.0 = Release|Win32
		{95B195E7-628C-4390-9B4E-AA72A24E15DE}.Debug|x64.ActiveCfg = Debug|x64
		{95B195E7-628C-4390-9B4E-AA72A24E15DE}.Debug|x64.Build.0 = Debug|x64
		{95B195E7-628C-4390-9B4E-AA72A24E15DE}.Debug|x86.ActiveCfg = Debug|Win32
		{95B195E7-628C-4390-9B4E-AA72A24E15DE}.Debug|x86.Build.0 = Debug|Win32
		{95B195E7-628C-4390-9B4E-AA72A24E15DE}.Release|x64.ActiveCfg = Release|x64
		{95B195E7-628C-4390-9B4E-AA72A24E15DE}.Release|x64.Build.0 = Release|x64
		{95B195E7-628C-4390-9B4E-AA72A24E15DE}.Release|x86.ActiveCfg = Release|Win32
		{95B195E7-628C-4390-9B4E-AA72A24E15DE}.Release|x86.Build.0 = Release|Win32
		{5FB83F85-1834-4CDD-81B7-219A190E5E92}.Debug|x64.ActiveCfg = Debug|x64
		{5FB83F85-1834-4CDD-81B7-219A190E5E92}.Debug|x64.Build.0 = Debug|x64
		{5FB83F85-1834-4CDD-81B7-219A190E5E92}.Debug|x86.ActiveCfg = Debug|Win32
		{5FB83F85-1834-4CDD-81B7-219A190E5E92}.Debug|x86.Build.0 = Debug|Win32
		{5FB83F85-1834-4CDD-81B7-219A190E5E92}.Release|x64.ActiveCfg = Release|x64
		{5FB83F85-1834-4CDD-81B7-219A190E5E92}.Release|x64.Build.0 = Release|x64
		{5FB83F85-1834-4CDD-81B7-219A190E5E92}.Release|x86.ActiveCfg = Release|Win32
		{5FB83F85-1834-4CDD-81B7-219A190E5E92}.Release|x86.Build.0 = Release|Win32
		{5F18B0D1-C4B0-45A3-B9E1-45EE63B3509C}.Debug|x64.ActiveCfg = Debug|x64
		{5F18B0D1-C4B0-45A3-B9E1-45EE63B3509C}.Debug|x64.Build.0 = Debug|x64
		{5F18B0D1-C4B0-45A3-B9E1-45EE63B3509C}.Debug|x86.ActiveCfg = Debug|Win32
		{5F18B0D1-C4B0-45A3-B9E1-45EE63B3509C}.Debug|x86.Build.0 = Debug|Win32
		{5F18B0D1-C4B0-45A3-B9E1-45EE63B3509C}.Release|x64.ActiveCfg = Release|x64
		{5F18B0D1-C4B0-45A3-B9E1-45EE63B3509C}.Release|x64.Build.0 = Release|x64
		{5F18B0D1-C4B0-45A3-B9E1-45EE63B3509C}.Release|x86.ActiveCfg = Release|Win32
		{5F18B0D1-C4B0-45A3-B9E1-45EE63B3509C}.Release|x86.Build.0 = Release|Win32
		{466ECFCC-531C-4CA1-B91B-F02E45DC1000}.Debug|x64.ActiveCfg = Debug|x64
		{466ECFCC-531C-4CA1-B91B-F02E45DC1000}.Debug|x64.Build.0 = Debug|x64
		{466ECFCC-531C-4CA1-B91B-F02E45DC1000}.Debug|x86.ActiveCfg = Debug|Win32
		{466ECFCC-531C-4CA1-B91B-F02E45DC1000}.Debug|x86.Build.0 = Debug|Win32
		{466ECFCC-531C-4CA1-B91B-F02E45DC1000}.Release|x64.ActiveCfg = Release|x64
		{466ECFCC-531C-4CA1-B91B-F02E45DC1000}.Release|x64.Build.0 = Release|x64
		{466ECFCC-531C-4CA1-B91B-F02E45DC1000}.Release|x86.ActiveCfg = Release|Win32
		{466ECFCC-531C-4CA1-B91B-F02E45DC1000}.Release|x86.Build.0 = Release|Win32
		{567960ED-D1F9-4D3F-A72D-57EA04AFA733}.Debug|x64.ActiveCfg = Debug|x64
		{567960ED-D1F9-4D3F-A72D-57EA04AFA733}.Debug|x64.Build.0 = Debug|x64
		{567960ED-D1F9-4D3F-A72D-57EA04AFA733}.Debug|x86.ActiveCfg = Debug|Win32
		{567960ED-D1F9-4D3F-A72D-57EA04AFA733}.Debug|x86.Build.0 = Debug|Win32
		{567960ED-D1F9-4D3F-A72D-57EA04AFA733}.Release|x64.ActiveCfg = Release|x64
		{567960ED-D1F9-4D3F-A72D-57EA04AFA733}.Release|x64.Build.0 = Release|x64
		{567960ED-D1F9-4D3F-A72D-57EA04AFA733}.Release|x86.ActiveCfg = Release|Win32
		{567960ED-D1F9-4D3F-A72D-57EA04AFA733}.Release|x86.Build.0 = Release|Win32
	EndGlobalSection
	GlobalSection(SolutionProperties) = preSolution
		HideSolutionNode = FALSE
	EndGlobalSection
	GlobalSection(ExtensibilityGlobals) = postSolution
		SolutionGuid = {34AECA2F-779E-472D-98A6-19FD379098AB}
	EndGlobalSection
EndGlobal
