<?xml version="1.0" encoding="utf-8"?>
<Project ToolsVersion="4.0" xmlns="http://schemas.microsoft.com/developer/msbuild/2003">
  <ItemGroup>
    <Filter Include="Source Files">
      <UniqueIdentifier>{4FC737F1-C7A5-4376-A066-2A32D752A2FF}</UniqueIdentifier>
      <Extensions>cpp;c;cc;cxx;def;odl;idl;hpj;bat;asm;asmx</Extensions>
    </Filter>
    <Filter Include="Header Files">
      <UniqueIdentifier>{93995380-89BD-4b04-88EB-625FBE52EBFB}</UniqueIdentifier>
      <Extensions>h;hh;hpp;hxx;hm;inl;inc;ipp;xsd</Extensions>
    </Filter>
    <Filter Include="Resource Files">
      <UniqueIdentifier>{67DA6AB6-F800-4c08-8B7A-83BB121AAD01}</UniqueIdentifier>
      <Extensions>rc;ico;cur;bmp;dlg;rc2;rct;bin;rgs;gif;jpg;jpeg;jpe;resx;tiff;tif;png;wav;mfcribbon-ms</Extensions>
    </Filter>
  </ItemGroup>
  <ItemGroup>
    <ClCompile Include="graphics\window.cpp">
      <Filter>Source Files</Filter>
    </ClCompile>
    <ClCompile Include="graphics\fontLoader.cpp">
      <Filter>Source Files</Filter>
    </ClCompile>
    <ClCompile Include="graphics\shader.cpp">
      <Filter>Source Files</Filter>
    </ClCompile>
    <ClCompile Include="graphics\simpleRenderer.cpp">
      <Filter>Source Files</Filter>
    </ClCompile>
    <ClCompile Include="logic\layers\buttonLayer.cpp">
      <Filter>Source Files</Filter>
    </ClCompile>
    <ClCompile Include="logic\layers\objectLayer.cpp">
      <Filter>Source Files</Filter>
    </ClCompile>
    <ClCompile Include="logic\layers\textLayer.cpp">
      <Filter>Source Files</Filter>
    </ClCompile>
    <ClCompile Include="logic\gameloop.cpp">
      <Filter>Source Files</Filter>
    </ClCompile>
    <ClCompile Include="graphics\camera.cpp">
      <Filter>Source Files</Filter>
    </ClCompile>
    <ClCompile Include="graphics\buffers\vertexArray.cpp">
      <Filter>Source Files</Filter>
    </ClCompile>
    <ClCompile Include="graphics\buffers\vertexBuffer.cpp">
      <Filter>Source Files</Filter>
    </ClCompile>
    <ClCompile Include="graphics\buffers\indexBuffer.cpp">
      <Filter>Source Files</Filter>
    </ClCompile>
    <ClCompile Include="game\main.cpp">
      <Filter>Source Files</Filter>
    </ClCompile>
    <ClCompile Include="game\world\region.cpp">
      <Filter>Source Files</Filter>
    </ClCompile>
    <ClCompile Include="game\world\tile.cpp">
      <Filter>Source Files</Filter>
    </ClCompile>
    <ClCompile Include="game\world\map.cpp">
      <Filter>Source Files</Filter>
    </ClCompile>
    <ClCompile Include="tools\textureloader.cpp">
      <Filter>Source Files</Filter>
    </ClCompile>
    <ClCompile Include="tools\clock.cpp">
      <Filter>Source Files</Filter>
    </ClCompile>
    <ClCompile Include="tools\random.cpp">
      <Filter>Source Files</Filter>
    </ClCompile>
    <ClCompile Include="game\creatures\player.cpp">
      <Filter>Source Files</Filter>
    </ClCompile>
    <ClCompile Include="game\logic\game.cpp">
      <Filter>Source Files</Filter>
    </ClCompile>
    <ClCompile Include="game\logic\textureManager.cpp">
      <Filter>Source Files</Filter>
    </ClCompile>
    <ClCompile Include="logic\noise.cpp">
      <Filter>Source Files</Filter>
    </ClCompile>
    <ClCompile Include="audio\audioManager.cpp">
      <Filter>Source Files</Filter>
    </ClCompile>
    <ClCompile Include="game\logic\inventory.cpp">
      <Filter>Source Files</Filter>
    </ClCompile>
    <ClCompile Include="tools\binaryIO.cpp">
      <Filter>Source Files</Filter>
    </ClCompile>
  </ItemGroup>
  <ItemGroup>
    <ClInclude Include="graphics\window.h">
      <Filter>Header Files</Filter>
    </ClInclude>
    <ClInclude Include="tools\filereader.h">
      <Filter>Header Files</Filter>
    </ClInclude>
    <ClInclude Include="graphics\fontLoader.h">
      <Filter>Header Files</Filter>
    </ClInclude>
    <ClInclude Include="graphics\shader.h">
      <Filter>Header Files</Filter>
    </ClInclude>
    <ClInclude Include="graphics\simpleRenderer.h">
      <Filter>Header Files</Filter>
    </ClInclude>
    <ClInclude Include="tools\clock.h">
      <Filter>Header Files</Filter>
    </ClInclude>
    <ClInclude Include="tools\random.h">
      <Filter>Header Files</Filter>
    </ClInclude>
    <ClInclude Include="logic\SAT.h">
      <Filter>Header Files</Filter>
    </ClInclude>
    <ClInclude Include="logic\layers\buttonLayer.h">
      <Filter>Header Files</Filter>
    </ClInclude>
    <ClInclude Include="logic\layers\layer.h">
      <Filter>Header Files</Filter>
    </ClInclude>
    <ClInclude Include="logic\layers\objectLayer.h">
      <Filter>Header Files</Filter>
    </ClInclude>
    <ClInclude Include="logic\layers\textLayer.h">
      <Filter>Header Files</Filter>
    </ClInclude>
    <ClInclude Include="logic\gameloop.h">
      <Filter>Header Files</Filter>
    </ClInclude>
    <ClInclude Include="graphics\camera.h">
      <Filter>Header Files</Filter>
    </ClInclude>
    <ClInclude Include="graphics\all.h">
      <Filter>Header Files</Filter>
    </ClInclude>
    <ClInclude Include="graphics\buffers\vertexArray.h">
      <Filter>Header Files</Filter>
    </ClInclude>
    <ClInclude Include="graphics\buffers\vertexBuffer.h">
      <Filter>Header Files</Filter>
    </ClInclude>
    <ClInclude Include="graphics\buffers\indexBuffer.h">
      <Filter>Header Files</Filter>
    </ClInclude>
    <ClInclude Include="game\world\region.h">
      <Filter>Header Files</Filter>
    </ClInclude>
    <ClInclude Include="engine.h">
      <Filter>Header Files</Filter>
    </ClInclude>
    <ClInclude Include="game\world\tile.h">
      <Filter>Header Files</Filter>
    </ClInclude>
    <ClInclude Include="game\world\map.h">
      <Filter>Header Files</Filter>
    </ClInclude>
    <ClInclude Include="tools\textureloader.h">
      <Filter>Header Files</Filter>
    </ClInclude>
    <ClInclude Include="game\creatures\player.h">
      <Filter>Header Files</Filter>
    </ClInclude>
    <ClInclude Include="game\logic\game.h">
      <Filter>Header Files</Filter>
    </ClInclude>
    <ClInclude Include="game\logic\textureManager.h">
      <Filter>Header Files</Filter>
    </ClInclude>
    <ClInclude Include="logic\noise.h">
      <Filter>Header Files</Filter>
    </ClInclude>
    <ClInclude Include="audio\audioPlayer.h">
      <Filter>Header Files</Filter>
    </ClInclude>
    <ClInclude Include="audio\audioManager.h">
      <Filter>Header Files</Filter>
    </ClInclude>
    <ClInclude Include="game\logic\inventory.h">
      <Filter>Header Files</Filter>
    </ClInclude>
    <ClInclude Include="tools\binaryIO.h">
      <Filter>Header Files</Filter>
    </ClInclude>
    <ClInclude Include="game\logic\ui\application.h">
      <Filter>Header Files</Filter>
    </ClInclude>
  </ItemGroup>
  <ItemGroup>
    <None Include="shaders\basic.frag.glsl" />
    <None Include="shaders\basic.vert.glsl" />
    <None Include="shaders\text.frag.glsl" />
    <None Include="shaders\text.vert.glsl" />
    <None Include="shaders\texture.frag.glsl" />
    <None Include="shaders\texture.vert.glsl" />
  </ItemGroup>
</Project>