<?xml version="1.0" encoding="utf-8"?>
<Project ToolsVersion="4.0" xmlns="http://schemas.microsoft.com/developer/msbuild/2003">
  <ItemGroup>
    <Filter Include="Source Files">
      <UniqueIdentifier>{4FC737F1-C7A5-4376-A066-2A32D752A2FF}</UniqueIdentifier>
      <Extensions>cpp;c;cc;cxx;def;odl;idl;hpj;bat;asm;asmx</Extensions>
    </Filter>
    <Filter Include="Header Files">
      <UniqueIdentifier>{93995380-89BD-4b04-88EB-625FBE52EBFB}</UniqueIdentifier>
      <Extensions>h;hh;hpp;hxx;hm;inl;inc;ipp;xsd</Extensions>
    </Filter>
    <Filter Include="Resource Files">
      <UniqueIdentifier>{67DA6AB6-F800-4c08-8B7A-83BB121AAD01}</UniqueIdentifier>
      <Extensions>rc;ico;cur;bmp;dlg;rc2;rct;bin;rgs;gif;jpg;jpeg;jpe;resx;tiff;tif;png;wav;mfcribbon-ms</Extensions>
    </Filter>
  </ItemGroup>
  <ItemGroup>
    <ClCompile Include="graphics\buffers\buffer.cpp">
      <Filter>Source Files</Filter>
    </ClCompile>
    <ClCompile Include="graphics\buffers\indexBuffer.cpp">
      <Filter>Source Files</Filter>
    </ClCompile>
    <ClCompile Include="graphics\buffers\vertexArray.cpp">
      <Filter>Source Files</Filter>
    </ClCompile>
    <ClCompile Include="graphics\shader.cpp">
      <Filter>Source Files</Filter>
    </ClCompile>
    <ClCompile Include="graphics\textureManager.cpp">
      <Filter>Source Files</Filter>
    </ClCompile>
    <ClCompile Include="graphics\window.cpp">
      <Filter>Source Files</Filter>
    </ClCompile>
    <ClCompile Include="audio\audioManager.cpp">
      <Filter>Source Files</Filter>
    </ClCompile>
    <ClCompile Include="graphics\quadRenderer.cpp">
      <Filter>Source Files</Filter>
    </ClCompile>
    <ClCompile Include="graphics\fontRenderer.cpp">
      <Filter>Source Files</Filter>
    </ClCompile>
    <ClCompile Include="graphics\pointRenderer.cpp">
      <Filter>Source Files</Filter>
    </ClCompile>
    <ClCompile Include="utility\clock.cpp">
      <Filter>Source Files</Filter>
    </ClCompile>
    <ClCompile Include="utility\debug.cpp">
      <Filter>Source Files</Filter>
    </ClCompile>
    <ClCompile Include="utility\logger.cpp">
      <Filter>Source Files</Filter>
    </ClCompile>
    <ClCompile Include="utility\random.cpp">
      <Filter>Source Files</Filter>
    </ClCompile>
    <ClCompile Include="utility\gameloop.cpp">
      <Filter>Source Files</Filter>
    </ClCompile>
    <ClCompile Include="graphics\renderer.cpp">
      <Filter>Source Files</Filter>
    </ClCompile>
    <ClCompile Include="utility\filereader.cpp">
      <Filter>Source Files</Filter>
    </ClCompile>
    <ClCompile Include="math\FastNoiseSIMD\FastNoiseSIMD.cpp">
      <Filter>Source Files</Filter>
    </ClCompile>
    <ClCompile Include="math\FastNoiseSIMD\FastNoiseSIMD_avx2.cpp">
      <Filter>Source Files</Filter>
    </ClCompile>
    <ClCompile Include="math\FastNoiseSIMD\FastNoiseSIMD_avx512.cpp">
      <Filter>Source Files</Filter>
    </ClCompile>
    <ClCompile Include="math\FastNoiseSIMD\FastNoiseSIMD_internal.cpp">
      <Filter>Source Files</Filter>
    </ClCompile>
    <ClCompile Include="math\FastNoiseSIMD\FastNoiseSIMD_neon.cpp">
      <Filter>Source Files</Filter>
    </ClCompile>
    <ClCompile Include="math\FastNoiseSIMD\FastNoiseSIMD_sse2.cpp">
      <Filter>Source Files</Filter>
    </ClCompile>
    <ClCompile Include="math\FastNoiseSIMD\FastNoiseSIMD_sse41.cpp">
      <Filter>Source Files</Filter>
    </ClCompile>
    <ClCompile Include="math\FastNoise.cpp">
      <Filter>Source Files</Filter>
    </ClCompile>
  </ItemGroup>
  <ItemGroup>
    <ClInclude Include="engine.h">
      <Filter>Header Files</Filter>
    </ClInclude>
    <ClInclude Include="graphics\buffers\buffer.h">
      <Filter>Header Files</Filter>
    </ClInclude>
    <ClInclude Include="graphics\buffers\indexBuffer.h">
      <Filter>Header Files</Filter>
    </ClInclude>
    <ClInclude Include="graphics\buffers\vertexArray.h">
      <Filter>Header Files</Filter>
    </ClInclude>
    <ClInclude Include="graphics\shader.h">
      <Filter>Header Files</Filter>
    </ClInclude>
    <ClInclude Include="graphics\textureManager.h">
      <Filter>Header Files</Filter>
    </ClInclude>
    <ClInclude Include="graphics\window.h">
      <Filter>Header Files</Filter>
    </ClInclude>
    <ClInclude Include="audio\audioManager.h">
      <Filter>Header Files</Filter>
    </ClInclude>
    <ClInclude Include="graphics\quadRenderer.h">
      <Filter>Header Files</Filter>
    </ClInclude>
    <ClInclude Include="graphics\renderer.h">
      <Filter>Header Files</Filter>
    </ClInclude>
    <ClInclude Include="graphics\fontRenderer.h">
      <Filter>Header Files</Filter>
    </ClInclude>
    <ClInclude Include="graphics\pointRenderer.h">
      <Filter>Header Files</Filter>
    </ClInclude>
    <ClInclude Include="utility\binaryIO.h">
      <Filter>Header Files</Filter>
    </ClInclude>
    <ClInclude Include="utility\clock.h">
      <Filter>Header Files</Filter>
    </ClInclude>
    <ClInclude Include="utility\debug.h">
      <Filter>Header Files</Filter>
    </ClInclude>
    <ClInclude Include="utility\filereader.h">
      <Filter>Header Files</Filter>
    </ClInclude>
    <ClInclude Include="utility\logger.h">
      <Filter>Header Files</Filter>
    </ClInclude>
    <ClInclude Include="utility\random.h">
      <Filter>Header Files</Filter>
    </ClInclude>
    <ClInclude Include="utility\gameloop.h">
      <Filter>Header Files</Filter>
    </ClInclude>
    <ClInclude Include="math\FastNoise.h">
      <Filter>Header Files</Filter>
    </ClInclude>
    <ClInclude Include="math\math.h">
      <Filter>Header Files</Filter>
    </ClInclude>
    <ClInclude Include="math\FastNoiseSIMD\FastNoiseSIMD.h">
      <Filter>Header Files</Filter>
    </ClInclude>
    <ClInclude Include="math\FastNoiseSIMD\FastNoiseSIMD_internal.h">
      <Filter>Header Files</Filter>
    </ClInclude>
  </ItemGroup>
  <ItemGroup>
    <None Include="shaders\texture.frag.glsl" />
    <None Include="shaders\texture.vert.glsl" />
    <None Include="shaders\postprocess.vert.glsl" />
    <None Include="shaders\postprocess.frag.glsl" />
  </ItemGroup>
</Project>